{
  "name": "kae-tui-e2e",
  "lockfileVersion": 3,
  "requires": true,
  "packages": {
    "": {
      "name": "kae-tui-e2e",
      "dependencies": {
        "@microsoft/tui-test": "0.1.0-beta.5"
      }
    },
    "node_modules/@microsoft/tui-test": {
      "version": "0.1.0-beta.5",
      "resolved": "https://registry.npmjs.org/@microsoft/tui-test/-/tui-test-0.1.0-beta.5.tgz",
      "integrity": "sha512-BSK8uxPByrgi3pTO8MJcubrY9H2jxIXa4ym7ODgCY4V8Km2e4fIV+AE6izCZAeMTd59loSlPWL0GuEVr9d4o7w==",
      "license": "MIT",
      "engines": {
        "node": ">=20"
      },
      "optionalDependencies": {
        "@microsoft/tui-test-darwin-arm64": "0.1.0-beta.5",
        "@microsoft/tui-test-darwin-x64": "0.1.0-beta.5",
        "@microsoft/tui-test-linux-arm64-gnu": "0.1.0-beta.5",
        "@microsoft/tui-test-linux-arm64-musl": "0.1.0-beta.5",
        "@microsoft/tui-test-linux-x64-gnu": "0.1.0-beta.5",
        "@microsoft/tui-test-linux-x64-musl": "0.1.0-beta.5",
        "@microsoft/tui-test-win32-x64-msvc": "0.1.0-beta.5"
      }
    },
    "node_modules/@microsoft/tui-test-darwin-arm64": {
      "version": "0.1.0-beta.5",
      "resolved": "https://registry.npmjs.org/@microsoft/tui-test-darwin-arm64/-/tui-test-darwin-arm64-0.1.0-beta.5.tgz",
      "integrity": "sha512-9OFO6vvdJM9+/YaCuxFFWbOqb3ROTuGAzrPljFMyFlpvVtG8PK2u7UHMRQN8QDib2vi8P4DqDQcyknAcW6D5MQ==",
      "cpu": [
        "arm64"
      ],
      "license": "MIT",
      "optional": true,
      "os": [
        "darwin"
      ],
      "engines": {
        "node": ">=20"
      }
    },
    "node_modules/@microsoft/tui-test-darwin-x64": {
      "version": "0.1.0-beta.5",
      "resolved": "https://registry.npmjs.org/@microsoft/tui-test-darwin-x64/-/tui-test-darwin-x64-0.1.0-beta.5.tgz",
      "integrity": "sha512-7ikOPiWnDVPphz2d0QVFXwkWW6Ip1HITtu56q4u5tcA1FlkliBBCm7XeYBslMz4klfuP/wWsmxnlsImKuD22Tw==",
      "cpu": [
        "x64"
      ],
      "license": "MIT",
      "optional": true,
      "os": [
        "darwin"
      ],
      "engines": {
        "node": ">=20"
      }
    },
    "node_modules/@microsoft/tui-test-linux-arm64-gnu": {
      "version": "0.1.0-beta.5",
      "resolved": "https://registry.npmjs.org/@microsoft/tui-test-linux-arm64-gnu/-/tui-test-linux-arm64-gnu-0.1.0-beta.5.tgz",
      "integrity": "sha512-8epwwDxT9+GMt0Z28VCNUKTh2Insrl7DXYp5UD90iVstwOt3vzre5KvrYrsKvUmLp9rQ1ac5mGDOU0zUFkBb0Q==",
      "cpu": [
        "arm64"
      ],
      "libc": [
        "glibc"
      ],
      "license": "MIT",
      "optional": true,
      "os": [
        "linux"
      ],
      "engines": {
        "node": ">=20"
      }
    },
    "node_modules/@microsoft/tui-test-linux-arm64-musl": {
      "version": "0.1.0-beta.5",
      "resolved": "https://registry.npmjs.org/@microsoft/tui-test-linux-arm64-musl/-/tui-test-linux-arm64-musl-0.1.0-beta.5.tgz",
      "integrity": "sha512-i3ZHwtVDwKr9WVFOEWYRX0ZhjMRhGybH8EDkQehjuisjIDarjIcSlh8LYzTjy7mrP8BpfCYImbWreVk6qI6hAw==",
      "cpu": [
        "arm64"
      ],
      "libc": [
        "musl"
      ],
      "license": "MIT",
      "optional": true,
      "os": [
        "linux"
      ],
      "engines": {
        "node": ">=20"
      }
    },
    "node_modules/@microsoft/tui-test-linux-x64-gnu": {
      "version": "0.1.0-beta.5",
      "resolved": "https://registry.npmjs.org/@microsoft/tui-test-linux-x64-gnu/-/tui-test-linux-x64-gnu-0.1.0-beta.5.tgz",
      "integrity": "sha512-S+W5MLAhFhN74EP5HA+DJBh+LTq81LmENe0YPQp5biz43b86pRMnRVY7q1apr57SqXZMJNmtD828EP/ClsAoPQ==",
      "cpu": [
        "x64"
      ],
      "libc": [
        "glibc"
      ],
      "license": "MIT",
      "optional": true,
      "os": [
        "linux"
      ],
      "engines": {
        "node": ">=20"
      }
    },
    "node_modules/@microsoft/tui-test-linux-x64-musl": {
      "version": "0.1.0-beta.5",
      "resolved": "https://registry.npmjs.org/@microsoft/tui-test-linux-x64-musl/-/tui-test-linux-x64-musl-0.1.0-beta.5.tgz",
      "integrity": "sha512-0XGCZT6gyeBbsD9ejRY1llKib9Crfg/8NK3WJ9UJJ8IamF0z+L5fgY6DsJOfp6z35/bYt9mUuawRie4TBDcs4w==",
      "cpu": [
        "x64"
      ],
      "libc": [
        "musl"
      ],
      "license": "MIT",
      "optional": true,
      "os": [
        "linux"
      ],
      "engines": {
        "node": ">=20"
      }
    },
    "node_modules/@microsoft/tui-test-win32-x64-msvc": {
      "version": "0.1.0-beta.5",
      "resolved": "https://registry.npmjs.org/@microsoft/tui-test-win32-x64-msvc/-/tui-test-win32-x64-msvc-0.1.0-beta.5.tgz",
      "integrity": "sha512-4fVCQGrJLGHhRMFB0vhs5/XUJm1rW2uXBeH8WkSQX27mS8UOrZ9k6tIzptdSU19e1/XD7b6diT6Vx0Yqt4kuYg==",
      "cpu": [
        "x64"
      ],
      "license": "MIT",
      "optional": true,
      "os": [
        "win32"
      ],
      "engines": {
        "node": ">=20"
      }
    }
  }
}
